{
  "name": "wig-documentation",
  "version": "1.0.0",
  "lockfileVersion": 1,
  "requires": true,
  "dependencies": {
    "actless": {
      "version": "9.0.0",
      "resolved": "https://registry.npmjs.org/actless/-/actless-9.0.0.tgz",
      "integrity": "sha512-7vAYPuSNOaJRO2JR/He2DrwNCpEFO/xueRtXXinlmgrwkXLCl4cSkoIAL0VxiSqLzsRnRmJJ7JKGrREC201JDQ==",
      "dev": true
    }
  }
}
